
Microsoft Visual Studio Solution File, Format Version 12.00
# Visual Studio 15
VisualStudioVersion = 15.0.28307.168
MinimumVisualStudioVersion = 10.0.40219.1
Project("{9A19103F-16F7-4668-BE54-9A1E7A4F7556}") = "TimerTriggered", "TimerTriggered\TimerTriggered.csproj", "{6464DB7D-88D5-4463-B216-9D4B377866AE}"
EndProject
Project("{9A19103F-16F7-4668-BE54-9A1E7A4F7556}") = "HttpTriggered", "HttpTriggered\HttpTriggered.csproj", "{B77A34FC-CA37-45AD-9DF4-C7E4679D1843}"
EndProject
Project("{151D2E53-A2C4-4D7D-83FE-D05416EBD58E}") = "01-FunctionApp", "01-FunctionApp\01-FunctionApp.deployproj", "{76978D9D-A2C1-4E87-9769-9B299AFFBE21}"
EndProject
Global
	GlobalSection(SolutionConfigurationPlatforms) = preSolution
		Debug|Any CPU = Debug|Any CPU
		Release|Any CPU = Release|Any CPU
	EndGlobalSection
	GlobalSection(ProjectConfigurationPlatforms) = postSolution
		{6464DB7D-88D5-4463-B216-9D4B377866AE}.Debug|Any CPU.ActiveCfg = Debug|Any CPU
		{6464DB7D-88D5-4463-B216-9D4B377866AE}.Debug|Any CPU.Build.0 = Debug|Any CPU
		{6464DB7D-88D5-4463-B216-9D4B377866AE}.Release|Any CPU.ActiveCfg = Release|Any CPU
		{6464DB7D-88D5-4463-B216-9D4B377866AE}.Release|Any CPU.Build.0 = Release|Any CPU
		{B77A34FC-CA37-45AD-9DF4-C7E4679D1843}.Debug|Any CPU.ActiveCfg = Debug|Any CPU
		{B77A34FC-CA37-45AD-9DF4-C7E4679D1843}.Debug|Any CPU.Build.0 = Debug|Any CPU
		{B77A34FC-CA37-45AD-9DF4-C7E4679D1843}.Release|Any CPU.ActiveCfg = Release|Any CPU
		{B77A34FC-CA37-45AD-9DF4-C7E4679D1843}.Release|Any CPU.Build.0 = Release|Any CPU
		{76978D9D-A2C1-4E87-9769-9B299AFFBE21}.Debug|Any CPU.ActiveCfg = Debug|Any CPU
		{76978D9D-A2C1-4E87-9769-9B299AFFBE21}.Debug|Any CPU.Build.0 = Debug|Any CPU
		{76978D9D-A2C1-4E87-9769-9B299AFFBE21}.Release|Any CPU.ActiveCfg = Release|Any CPU
		{76978D9D-A2C1-4E87-9769-9B299AFFBE21}.Release|Any CPU.Build.0 = Release|Any CPU
	EndGlobalSection
	GlobalSection(SolutionProperties) = preSolution
		HideSolutionNode = FALSE
	EndGlobalSection
	GlobalSection(ExtensibilityGlobals) = postSolution
		SolutionGuid = {43C94110-2916-4320-AAC6-F520D764EEDE}
	EndGlobalSection
EndGlobal
